
Microsoft Visual Studio Solution File, Format Version 12.00
# Visual Studio Version 16
VisualStudioVersion = 16.0.30114.105
MinimumVisualStudioVersion = 10.0.40219.1
Project("{FAE04EC0-301F-11D3-BF4B-00C04F79EFBC}") = "API", "API\API.csproj", "{581FCD6A-6E45-419D-9307-D6BD51770627}"
EndProject
Global
	GlobalSection(SolutionConfigurationPlatforms) = preSolution
		Debug|Any CPU = Debug|Any CPU
		Debug|x64 = Debug|x64
		Debug|x86 = Debug|x86
		Release|Any CPU = Release|Any CPU
		Release|x64 = Release|x64
		Release|x86 = Release|x86
	EndGlobalSection
	GlobalSection(SolutionProperties) = preSolution
		HideSolutionNode = FALSE
	EndGlobalSection
	GlobalSection(ProjectConfigurationPlatforms) = postSolution
		{581FCD6A-6E45-419D-9307-D6BD51770627}.Debug|Any CPU.ActiveCfg = Debug|Any CPU
		{581FCD6A-6E45-419D-9307-D6BD51770627}.Debug|Any CPU.Build.0 = Debug|Any CPU
		{581FCD6A-6E45-419D-9307-D6BD51770627}.Debug|x64.ActiveCfg = Debug|Any CPU
		{581FCD6A-6E45-419D-9307-D6BD51770627}.Debug|x64.Build.0 = Debug|Any CPU
		{581FCD6A-6E45-419D-9307-D6BD51770627}.Debug|x86.ActiveCfg = Debug|Any CPU
		{581FCD6A-6E45-419D-9307-D6BD51770627}.Debug|x86.Build.0 = Debug|Any CPU
		{581FCD6A-6E45-419D-9307-D6BD51770627}.Release|Any CPU.ActiveCfg = Release|Any CPU
		{581FCD6A-6E45-419D-9307-D6BD51770627}.Release|Any CPU.Build.0 = Release|Any CPU
		{581FCD6A-6E45-419D-9307-D6BD51770627}.Release|x64.ActiveCfg = Release|Any CPU
		{581FCD6A-6E45-419D-9307-D6BD51770627}.Release|x64.Build.0 = Release|Any CPU
		{581FCD6A-6E45-419D-9307-D6BD51770627}.Release|x86.ActiveCfg = Release|Any CPU
		{581FCD6A-6E45-419D-9307-D6BD51770627}.Release|x86.Build.0 = Release|Any CPU
	EndGlobalSection
EndGlobal
